
Microsoft Visual Studio Solution File, Format Version 12.00
# Visual Studio Version 17
VisualStudioVersion = 17.5.33516.290
MinimumVisualStudioVersion = 10.0.40219.1
Project("{9A19103F-16F7-4668-BE54-9A1E7A4F7556}") = "CRUD_API", "CRUD_API\CRUD_API.csproj", "{BD088A90-4E09-4CBB-A7BE-775C54538EE1}"
EndProject
Project("{FAE04EC0-301F-11D3-BF4B-00C04F79EFBC}") = "CRUD_API.Tests", "CRUD_API.Tests\CRUD_API.Tests.csproj", "{1A9905AF-CAE8-4CE9-A691-F8DFCCB988C5}"
EndProject
Global
	GlobalSection(SolutionConfigurationPlatforms) = preSolution
		Debug|Any CPU = Debug|Any CPU
		Release|Any CPU = Release|Any CPU
	EndGlobalSection
	GlobalSection(ProjectConfigurationPlatforms) = postSolution
		{BD088A90-4E09-4CBB-A7BE-775C54538EE1}.Debug|Any CPU.ActiveCfg = Debug|Any CPU
		{BD088A90-4E09-4CBB-A7BE-775C54538EE1}.Debug|Any CPU.Build.0 = Debug|Any CPU
		{BD088A90-4E09-4CBB-A7BE-775C54538EE1}.Release|Any CPU.ActiveCfg = Release|Any CPU
		{BD088A90-4E09-4CBB-A7BE-775C54538EE1}.Release|Any CPU.Build.0 = Release|Any CPU
		{1A9905AF-CAE8-4CE9-A691-F8DFCCB988C5}.Debug|Any CPU.ActiveCfg = Debug|Any CPU
		{1A9905AF-CAE8-4CE9-A691-F8DFCCB988C5}.Debug|Any CPU.Build.0 = Debug|Any CPU
		{1A9905AF-CAE8-4CE9-A691-F8DFCCB988C5}.Release|Any CPU.ActiveCfg = Release|Any CPU
		{1A9905AF-CAE8-4CE9-A691-F8DFCCB988C5}.Release|Any CPU.Build.0 = Release|Any CPU
	EndGlobalSection
	GlobalSection(SolutionProperties) = preSolution
		HideSolutionNode = FALSE
	EndGlobalSection
	GlobalSection(ExtensibilityGlobals) = postSolution
		SolutionGuid = {D42E79C0-016E-4BE0-BB40-FD1C4FC3DA9E}
	EndGlobalSection
EndGlobal
